
Microsoft Visual Studio Solution File, Format Version 12.00
# Visual Studio 15
VisualStudioVersion = 15.0.26403.7
MinimumVisualStudioVersion = 10.0.40219.1
Project("{FAE04EC0-301F-11D3-BF4B-00C04F79EFBC}") = "lab10_EPAM", "lab10_EPAM\lab10_EPAM.csproj", "{D5004AE7-7F2B-49C2-95AB-77BE0301A4E4}"
EndProject
Project("{FAE04EC0-301F-11D3-BF4B-00C04F79EFBC}") = "lab10.2", "lab10.2\lab10.2.csproj", "{300A20EB-8A58-4278-A481-C1B49853C44C}"
EndProject
Project("{FAE04EC0-301F-11D3-BF4B-00C04F79EFBC}") = "lab10.3", "lab10.3\lab10.3.csproj", "{DB88D3EA-4DB2-411C-BAAE-0BB8F1D6EBFF}"
EndProject
Project("{FAE04EC0-301F-11D3-BF4B-00C04F79EFBC}") = "bad", "bad\bad.csproj", "{75EC92C5-2613-43DF-BEBD-B4E4AB971BFA}"
EndProject
Global
	GlobalSection(SolutionConfigurationPlatforms) = preSolution
		Debug|Any CPU = Debug|Any CPU
		Release|Any CPU = Release|Any CPU
	EndGlobalSection
	GlobalSection(ProjectConfigurationPlatforms) = postSolution
		{D5004AE7-7F2B-49C2-95AB-77BE0301A4E4}.Debug|Any CPU.ActiveCfg = Debug|Any CPU
		{D5004AE7-7F2B-49C2-95AB-77BE0301A4E4}.Debug|Any CPU.Build.0 = Debug|Any CPU
		{D5004AE7-7F2B-49C2-95AB-77BE0301A4E4}.Release|Any CPU.ActiveCfg = Release|Any CPU
		{D5004AE7-7F2B-49C2-95AB-77BE0301A4E4}.Release|Any CPU.Build.0 = Release|Any CPU
		{300A20EB-8A58-4278-A481-C1B49853C44C}.Debug|Any CPU.ActiveCfg = Debug|Any CPU
		{300A20EB-8A58-4278-A481-C1B49853C44C}.Debug|Any CPU.Build.0 = Debug|Any CPU
		{300A20EB-8A58-4278-A481-C1B49853C44C}.Release|Any CPU.ActiveCfg = Release|Any CPU
		{300A20EB-8A58-4278-A481-C1B49853C44C}.Release|Any CPU.Build.0 = Release|Any CPU
		{DB88D3EA-4DB2-411C-BAAE-0BB8F1D6EBFF}.Debug|Any CPU.ActiveCfg = Debug|Any CPU
		{DB88D3EA-4DB2-411C-BAAE-0BB8F1D6EBFF}.Debug|Any CPU.Build.0 = Debug|Any CPU
		{DB88D3EA-4DB2-411C-BAAE-0BB8F1D6EBFF}.Release|Any CPU.ActiveCfg = Release|Any CPU
		{DB88D3EA-4DB2-411C-BAAE-0BB8F1D6EBFF}.Release|Any CPU.Build.0 = Release|Any CPU
		{75EC92C5-2613-43DF-BEBD-B4E4AB971BFA}.Debug|Any CPU.ActiveCfg = Debug|Any CPU
		{75EC92C5-2613-43DF-BEBD-B4E4AB971BFA}.Debug|Any CPU.Build.0 = Debug|Any CPU
		{75EC92C5-2613-43DF-BEBD-B4E4AB971BFA}.Release|Any CPU.ActiveCfg = Release|Any CPU
		{75EC92C5-2613-43DF-BEBD-B4E4AB971BFA}.Release|Any CPU.Build.0 = Release|Any CPU
	EndGlobalSection
	GlobalSection(SolutionProperties) = preSolution
		HideSolutionNode = FALSE
	EndGlobalSection
EndGlobal
