
Microsoft Visual Studio Solution File, Format Version 12.00
# Visual Studio 15
VisualStudioVersion = 15.0.26403.7
MinimumVisualStudioVersion = 10.0.40219.1
Project("{FAE04EC0-301F-11D3-BF4B-00C04F79EFBC}") = "lab5_EPAM", "lab5_EPAM\lab5_EPAM.csproj", "{99BFE5E4-A2B6-4397-9489-C6D31CD48D8D}"
EndProject
Project("{FAE04EC0-301F-11D3-BF4B-00C04F79EFBC}") = "lab5_EPAMpart2", "lab5_EPAMpart2\lab5_EPAMpart2.csproj", "{E8B7856C-4BF0-4F2A-A887-63235D230E2E}"
EndProject
Project("{FAE04EC0-301F-11D3-BF4B-00C04F79EFBC}") = "lab5_EPAMTests", "lab5_EPAMTests\lab5_EPAMTests.csproj", "{874A52D5-9F96-49D2-B242-A5006691419F}"
EndProject
Project("{FAE04EC0-301F-11D3-BF4B-00C04F79EFBC}") = "lab5_EPAMpart2Tests", "lab5_EPAMpart2Tests\lab5_EPAMpart2Tests.csproj", "{520C0AB9-5990-4E20-8332-CE91FF9DBCA9}"
EndProject
Global
	GlobalSection(SolutionConfigurationPlatforms) = preSolution
		Debug|Any CPU = Debug|Any CPU
		Release|Any CPU = Release|Any CPU
	EndGlobalSection
	GlobalSection(ProjectConfigurationPlatforms) = postSolution
		{99BFE5E4-A2B6-4397-9489-C6D31CD48D8D}.Debug|Any CPU.ActiveCfg = Debug|Any CPU
		{99BFE5E4-A2B6-4397-9489-C6D31CD48D8D}.Debug|Any CPU.Build.0 = Debug|Any CPU
		{99BFE5E4-A2B6-4397-9489-C6D31CD48D8D}.Release|Any CPU.ActiveCfg = Release|Any CPU
		{99BFE5E4-A2B6-4397-9489-C6D31CD48D8D}.Release|Any CPU.Build.0 = Release|Any CPU
		{E8B7856C-4BF0-4F2A-A887-63235D230E2E}.Debug|Any CPU.ActiveCfg = Debug|Any CPU
		{E8B7856C-4BF0-4F2A-A887-63235D230E2E}.Debug|Any CPU.Build.0 = Debug|Any CPU
		{E8B7856C-4BF0-4F2A-A887-63235D230E2E}.Release|Any CPU.ActiveCfg = Release|Any CPU
		{E8B7856C-4BF0-4F2A-A887-63235D230E2E}.Release|Any CPU.Build.0 = Release|Any CPU
		{874A52D5-9F96-49D2-B242-A5006691419F}.Debug|Any CPU.ActiveCfg = Debug|Any CPU
		{874A52D5-9F96-49D2-B242-A5006691419F}.Debug|Any CPU.Build.0 = Debug|Any CPU
		{874A52D5-9F96-49D2-B242-A5006691419F}.Release|Any CPU.ActiveCfg = Release|Any CPU
		{874A52D5-9F96-49D2-B242-A5006691419F}.Release|Any CPU.Build.0 = Release|Any CPU
		{520C0AB9-5990-4E20-8332-CE91FF9DBCA9}.Debug|Any CPU.ActiveCfg = Debug|Any CPU
		{520C0AB9-5990-4E20-8332-CE91FF9DBCA9}.Debug|Any CPU.Build.0 = Debug|Any CPU
		{520C0AB9-5990-4E20-8332-CE91FF9DBCA9}.Release|Any CPU.ActiveCfg = Release|Any CPU
		{520C0AB9-5990-4E20-8332-CE91FF9DBCA9}.Release|Any CPU.Build.0 = Release|Any CPU
	EndGlobalSection
	GlobalSection(SolutionProperties) = preSolution
		HideSolutionNode = FALSE
	EndGlobalSection
EndGlobal
